
Microsoft Visual Studio Solution File, Format Version 12.00
# Visual Studio Version 16
VisualStudioVersion = 16.0.30114.105
MinimumVisualStudioVersion = 10.0.40219.1
Project("{FAE04EC0-301F-11D3-BF4B-00C04F79EFBC}") = "PerlinNoise3DTerrain", "PerlinNoise3DTerrain\PerlinNoise3DTerrain.csproj", "{51D59066-991A-4475-B52F-AFE8FBFA3892}"
EndProject
Global
	GlobalSection(SolutionConfigurationPlatforms) = preSolution
		Debug|Any CPU = Debug|Any CPU
		Release|Any CPU = Release|Any CPU
	EndGlobalSection
	GlobalSection(ProjectConfigurationPlatforms) = postSolution
		{51D59066-991A-4475-B52F-AFE8FBFA3892}.Debug|Any CPU.ActiveCfg = Debug|Any CPU
		{51D59066-991A-4475-B52F-AFE8FBFA3892}.Debug|Any CPU.Build.0 = Debug|Any CPU
		{51D59066-991A-4475-B52F-AFE8FBFA3892}.Release|Any CPU.ActiveCfg = Release|Any CPU
		{51D59066-991A-4475-B52F-AFE8FBFA3892}.Release|Any CPU.Build.0 = Release|Any CPU
	EndGlobalSection
	GlobalSection(SolutionProperties) = preSolution
		HideSolutionNode = FALSE
	EndGlobalSection
	GlobalSection(ExtensibilityGlobals) = postSolution
		SolutionGuid = {F9FD1BA9-C052-4E59-B6BA-BD0E2DC361FF}
	EndGlobalSection
EndGlobal
